
Microsoft Visual Studio Solution File, Format Version 12.00
# Visual Studio 14
VisualStudioVersion = 14.0.24720.0
MinimumVisualStudioVersion = 10.0.40219.1
Project("{8BC9CEB8-8B4A-11D0-8D11-00A0C91BC942}") = "LoreEngine2D", "LoreEngine2D\LoreEngine2D.vcxproj", "{71A9F833-1D3A-4BA8-8BDA-BBEB1B055BB6}"
EndProject
Project("{8BC9CEB8-8B4A-11D0-8D11-00A0C91BC942}") = "Sandbox", "Sandbox\Sandbox.vcxproj", "{82F6A82E-4AB3-48F7-8EC8-1838B1FCF0BC}"
EndProject
Global
	GlobalSection(SolutionConfigurationPlatforms) = preSolution
		Debug|x64 = Debug|x64
		Debug|x86 = Debug|x86
		Release|x64 = Release|x64
		Release|x86 = Release|x86
	EndGlobalSection
	GlobalSection(ProjectConfigurationPlatforms) = postSolution
		{71A9F833-1D3A-4BA8-8BDA-BBEB1B055BB6}.Debug|x64.ActiveCfg = Debug|x64
		{71A9F833-1D3A-4BA8-8BDA-BBEB1B055BB6}.Debug|x64.Build.0 = Debug|x64
		{71A9F833-1D3A-4BA8-8BDA-BBEB1B055BB6}.Debug|x86.ActiveCfg = Debug|Win32
		{71A9F833-1D3A-4BA8-8BDA-BBEB1B055BB6}.Debug|x86.Build.0 = Debug|Win32
		{71A9F833-1D3A-4BA8-8BDA-BBEB1B055BB6}.Release|x64.ActiveCfg = Release|x64
		{71A9F833-1D3A-4BA8-8BDA-BBEB1B055BB6}.Release|x64.Build.0 = Release|x64
		{71A9F833-1D3A-4BA8-8BDA-BBEB1B055BB6}.Release|x86.ActiveCfg = Release|Win32
		{71A9F833-1D3A-4BA8-8BDA-BBEB1B055BB6}.Release|x86.Build.0 = Release|Win32
		{82F6A82E-4AB3-48F7-8EC8-1838B1FCF0BC}.Debug|x64.ActiveCfg = Debug|x64
		{82F6A82E-4AB3-48F7-8EC8-1838B1FCF0BC}.Debug|x64.Build.0 = Debug|x64
		{82F6A82E-4AB3-48F7-8EC8-1838B1FCF0BC}.Debug|x86.ActiveCfg = Debug|Win32
		{82F6A82E-4AB3-48F7-8EC8-1838B1FCF0BC}.Debug|x86.Build.0 = Debug|Win32
		{82F6A82E-4AB3-48F7-8EC8-1838B1FCF0BC}.Release|x64.ActiveCfg = Release|x64
		{82F6A82E-4AB3-48F7-8EC8-1838B1FCF0BC}.Release|x64.Build.0 = Release|x64
		{82F6A82E-4AB3-48F7-8EC8-1838B1FCF0BC}.Release|x86.ActiveCfg = Release|Win32
		{82F6A82E-4AB3-48F7-8EC8-1838B1FCF0BC}.Release|x86.Build.0 = Release|Win32
	EndGlobalSection
	GlobalSection(SolutionProperties) = preSolution
		HideSolutionNode = FALSE
	EndGlobalSection
EndGlobal
